// !$*UTF8*$!
{
	archiveVersion = 1;
	classes = {
	};
	objectVersion = 52;
	objects = {

/* Begin PBXBuildFile section */
		CD07BAED25BC588800677404 /* AppDelegate.m in Sources */ = {isa = PBXBuildFile; fileRef = CD07BAEC25BC588800677404 /* AppDelegate.m */; };
		CD07BAF025BC588800677404 /* SceneDelegate.m in Sources */ = {isa = PBXBuildFile; fileRef = CD07BAEF25BC588800677404 /* SceneDelegate.m */; };
		CD07BAF325BC588800677404 /* BannerViewController.m in Sources */ = {isa = PBXBuildFile; fileRef = CD07BAF225BC588800677404 /* BannerViewController.m */; };
		CD07BAF625BC588800677404 /* Main.storyboard in Resources */ = {isa = PBXBuildFile; fileRef = CD07BAF425BC588800677404 /* Main.storyboard */; };
		CD07BAF825BC588B00677404 /* Assets.xcassets in Resources */ = {isa = PBXBuildFile; fileRef = CD07BAF725BC588B00677404 /* Assets.xcassets */; };
		CD07BAFB25BC588B00677404 /* LaunchScreen.storyboard in Resources */ = {isa = PBXBuildFile; fileRef = CD07BAF925BC588B00677404 /* LaunchScreen.storyboard */; };
		CD07BAFE25BC588B00677404 /* main.m in Sources */ = {isa = PBXBuildFile; fileRef = CD07BAFD25BC588B00677404 /* main.m */; };
		CDAFDB7326FF714C00141621 /* InBannerVideoViewController.m in Sources */ = {isa = PBXBuildFile; fileRef = CDAFDB7126FF714C00141621 /* InBannerVideoViewController.m */; };
		CDCB2658263C2F09005BEBCC /* LemmaSDK.xcframework in Frameworks */ = {isa = PBXBuildFile; fileRef = CDCB2657263C2F09005BEBCC /* LemmaSDK.xcframework */; };
		CDEE1EC025DFEAC00039E0B6 /* InterstitialViewController.m in Sources */ = {isa = PBXBuildFile; fileRef = CDEE1EBF25DFEAC00039E0B6 /* InterstitialViewController.m */; };
/* End PBXBuildFile section */

/* Begin PBXFileReference section */
		CD07BAE825BC588800677404 /* SampleApp.app */ = {isa = PBXFileReference; explicitFileType = wrapper.application; includeInIndex = 0; path = SampleApp.app; sourceTree = BUILT_PRODUCTS_DIR; };
		CD07BAEB25BC588800677404 /* AppDelegate.h */ = {isa = PBXFileReference; lastKnownFileType = sourcecode.c.h; path = AppDelegate.h; sourceTree = "<group>"; };
		CD07BAEC25BC588800677404 /* AppDelegate.m */ = {isa = PBXFileReference; lastKnownFileType = sourcecode.c.objc; path = AppDelegate.m; sourceTree = "<group>"; };
		CD07BAEE25BC588800677404 /* SceneDelegate.h */ = {isa = PBXFileReference; lastKnownFileType = sourcecode.c.h; path = SceneDelegate.h; sourceTree = "<group>"; };
		CD07BAEF25BC588800677404 /* SceneDelegate.m */ = {isa = PBXFileReference; lastKnownFileType = sourcecode.c.objc; path = SceneDelegate.m; sourceTree = "<group>"; };
		CD07BAF125BC588800677404 /* BannerViewController.h */ = {isa = PBXFileReference; lastKnownFileType = sourcecode.c.h; path = BannerViewController.h; sourceTree = "<group>"; };
		CD07BAF225BC588800677404 /* BannerViewController.m */ = {isa = PBXFileReference; lastKnownFileType = sourcecode.c.objc; path = BannerViewController.m; sourceTree = "<group>"; };
		CD07BAF525BC588800677404 /* Base */ = {isa = PBXFileReference; lastKnownFileType = file.storyboard; name = Base; path = Base.lproj/Main.storyboard; sourceTree = "<group>"; };
		CD07BAF725BC588B00677404 /* Assets.xcassets */ = {isa = PBXFileReference; lastKnownFileType = folder.assetcatalog; path = Assets.xcassets; sourceTree = "<group>"; };
		CD07BAFA25BC588B00677404 /* Base */ = {isa = PBXFileReference; lastKnownFileType = file.storyboard; name = Base; path = Base.lproj/LaunchScreen.storyboard; sourceTree = "<group>"; };
		CD07BAFC25BC588B00677404 /* Info.plist */ = {isa = PBXFileReference; lastKnownFileType = text.plist.xml; path = Info.plist; sourceTree = "<group>"; };
		CD07BAFD25BC588B00677404 /* main.m */ = {isa = PBXFileReference; lastKnownFileType = sourcecode.c.objc; path = main.m; sourceTree = "<group>"; };
		CDAFDB7126FF714C00141621 /* InBannerVideoViewController.m */ = {isa = PBXFileReference; fileEncoding = 4; lastKnownFileType = sourcecode.c.objc; path = InBannerVideoViewController.m; sourceTree = "<group>"; };
		CDAFDB7226FF714C00141621 /* InBannerVideoViewController.h */ = {isa = PBXFileReference; fileEncoding = 4; lastKnownFileType = sourcecode.c.h; path = InBannerVideoViewController.h; sourceTree = "<group>"; };
		CDCB2657263C2F09005BEBCC /* LemmaSDK.xcframework */ = {isa = PBXFileReference; lastKnownFileType = wrapper.xcframework; path = LemmaSDK.xcframework; sourceTree = SOURCE_ROOT; };
		CDEE1EBE25DFEAC00039E0B6 /* InterstitialViewController.h */ = {isa = PBXFileReference; lastKnownFileType = sourcecode.c.h; path = InterstitialViewController.h; sourceTree = "<group>"; };
		CDEE1EBF25DFEAC00039E0B6 /* InterstitialViewController.m */ = {isa = PBXFileReference; lastKnownFileType = sourcecode.c.objc; path = InterstitialViewController.m; sourceTree = "<group>"; };
/* End PBXFileReference section */

/* Begin PBXFrameworksBuildPhase section */
		CD07BAE525BC588800677404 /* Frameworks */ = {
			isa = PBXFrameworksBuildPhase;
			buildActionMask = 2147483647;
			files = (
				CDCB2658263C2F09005BEBCC /* LemmaSDK.xcframework in Frameworks */,
			);
			runOnlyForDeploymentPostprocessing = 0;
		};
/* End PBXFrameworksBuildPhase section */

/* Begin PBXGroup section */
		CD07BADF25BC588800677404 = {
			isa = PBXGroup;
			children = (
				CD07BAEA25BC588800677404 /* SampleApp */,
				CD07BAE925BC588800677404 /* Products */,
			);
			sourceTree = "<group>";
		};
		CD07BAE925BC588800677404 /* Products */ = {
			isa = PBXGroup;
			children = (
				CD07BAE825BC588800677404 /* SampleApp.app */,
			);
			name = Products;
			sourceTree = "<group>";
		};
		CD07BAEA25BC588800677404 /* SampleApp */ = {
			isa = PBXGroup;
			children = (
				CDCB2657263C2F09005BEBCC /* LemmaSDK.xcframework */,
				CD07BAEB25BC588800677404 /* AppDelegate.h */,
				CD07BAEC25BC588800677404 /* AppDelegate.m */,
				CD07BAEE25BC588800677404 /* SceneDelegate.h */,
				CD07BAEF25BC588800677404 /* SceneDelegate.m */,
				CD07BAF125BC588800677404 /* BannerViewController.h */,
				CD07BAF225BC588800677404 /* BannerViewController.m */,
				CDAFDB7226FF714C00141621 /* InBannerVideoViewController.h */,
				CDAFDB7126FF714C00141621 /* InBannerVideoViewController.m */,
				CDEE1EBE25DFEAC00039E0B6 /* InterstitialViewController.h */,
				CDEE1EBF25DFEAC00039E0B6 /* InterstitialViewController.m */,
				CD07BAF425BC588800677404 /* Main.storyboard */,
				CD07BAF725BC588B00677404 /* Assets.xcassets */,
				CD07BAF925BC588B00677404 /* LaunchScreen.storyboard */,
				CD07BAFC25BC588B00677404 /* Info.plist */,
				CD07BAFD25BC588B00677404 /* main.m */,
			);
			path = SampleApp;
			sourceTree = "<group>";
		};
/* End PBXGroup section */

/* Begin PBXNativeTarget section */
		CD07BAE725BC588800677404 /* SampleApp */ = {
			isa = PBXNativeTarget;
			buildConfigurationList = CD07BB0125BC588B00677404 /* Build configuration list for PBXNativeTarget "SampleApp" */;
			buildPhases = (
				CD07BAE425BC588800677404 /* Sources */,
				CD07BAE525BC588800677404 /* Frameworks */,
				CD07BAE625BC588800677404 /* Resources */,
			);
			buildRules = (
			);
			dependencies = (
			);
			name = SampleApp;
			productName = SampleApp;
			productReference = CD07BAE825BC588800677404 /* SampleApp.app */;
			productType = "com.apple.product-type.application";
		};
/* End PBXNativeTarget section */

/* Begin PBXProject section */
		CD07BAE025BC588800677404 /* Project object */ = {
			isa = PBXProject;
			attributes = {
				LastUpgradeCheck = 1230;
				TargetAttributes = {
					CD07BAE725BC588800677404 = {
						CreatedOnToolsVersion = 12.3;
					};
				};
			};
			buildConfigurationList = CD07BAE325BC588800677404 /* Build configuration list for PBXProject "SampleApp" */;
			compatibilityVersion = "Xcode 9.3";
			developmentRegion = en;
			hasScannedForEncodings = 0;
			knownRegions = (
				en,
				Base,
			);
			mainGroup = CD07BADF25BC588800677404;
			productRefGroup = CD07BAE925BC588800677404 /* Products */;
			projectDirPath = "";
			projectRoot = "";
			targets = (
				CD07BAE725BC588800677404 /* SampleApp */,
			);
		};
/* End PBXProject section */

/* Begin PBXResourcesBuildPhase section */
		CD07BAE625BC588800677404 /* Resources */ = {
			isa = PBXResourcesBuildPhase;
			buildActionMask = 2147483647;
			files = (
				CD07BAFB25BC588B00677404 /* LaunchScreen.storyboard in Resources */,
				CD07BAF825BC588B00677404 /* Assets.xcassets in Resources */,
				CD07BAF625BC588800677404 /* Main.storyboard in Resources */,
			);
			runOnlyForDeploymentPostprocessing = 0;
		};
/* End PBXResourcesBuildPhase section */

/* Begin PBXSourcesBuildPhase section */
		CD07BAE425BC588800677404 /* Sources */ = {
			isa = PBXSourcesBuildPhase;
			buildActionMask = 2147483647;
			files = (
				CD07BAF325BC588800677404 /* BannerViewController.m in Sources */,
				CDAFDB7326FF714C00141621 /* InBannerVideoViewController.m in Sources */,
				CD07BAED25BC588800677404 /* AppDelegate.m in Sources */,
				CDEE1EC025DFEAC00039E0B6 /* InterstitialViewController.m in Sources */,
				CD07BAFE25BC588B00677404 /* main.m in Sources */,
				CD07BAF025BC588800677404 /* SceneDelegate.m in Sources */,
			);
			runOnlyForDeploymentPostprocessing = 0;
		};
/* End PBXSourcesBuildPhase section */

/* Begin PBXVariantGroup section */
		CD07BAF425BC588800677404 /* Main.storyboard */ = {
			isa = PBXVariantGroup;
			children = (
				CD07BAF525BC588800677404 /* Base */,
			);
			name = Main.storyboard;
			sourceTree = "<group>";
		};
		CD07BAF925BC588B00677404 /* LaunchScreen.storyboard */ = {
			isa = PBXVariantGroup;
			children = (
				CD07BAFA25BC588B00677404 /* Base */,
			);
			name = LaunchScreen.storyboard;
			sourceTree = "<group>";
		};
/* End PBXVariantGroup section */

/* Begin XCBuildConfiguration section */
		CD07BAFF25BC588B00677404 /* Debug */ = {
			isa = XCBuildConfiguration;
			buildSettings = {
				ALWAYS_SEARCH_USER_PATHS = NO;
				CLANG_ANALYZER_NONNULL = YES;
				CLANG_ANALYZER_NUMBER_OBJECT_CONVERSION = YES_AGGRESSIVE;
				CLANG_CXX_LANGUAGE_STANDARD = "gnu++14";
				CLANG_CXX_LIBRARY = "libc++";
				CLANG_ENABLE_MODULES = YES;
				CLANG_ENABLE_OBJC_ARC = YES;
				CLANG_ENABLE_OBJC_WEAK = YES;
				CLANG_WARN_BLOCK_CAPTURE_AUTORELEASING = YES;
				CLANG_WARN_BOOL_CONVERSION = YES;
				CLANG_WARN_COMMA = YES;
				CLANG_WARN_CONSTANT_CONVERSION = YES;
				CLANG_WARN_DEPRECATED_OBJC_IMPLEMENTATIONS = YES;
				CLANG_WARN_DIRECT_OBJC_ISA_USAGE = YES_ERROR;
				CLANG_WARN_DOCUMENTATION_COMMENTS = YES;
				CLANG_WARN_EMPTY_BODY = YES;
				CLANG_WARN_ENUM_CONVERSION = YES;
				CLANG_WARN_INFINITE_RECURSION = YES;
				CLANG_WARN_INT_CONVERSION = YES;
				CLANG_WARN_NON_LITERAL_NULL_CONVERSION = YES;
				CLANG_WARN_OBJC_IMPLICIT_RETAIN_SELF = YES;
				CLANG_WARN_OBJC_LITERAL_CONVERSION = YES;
				CLANG_WARN_OBJC_ROOT_CLASS = YES_ERROR;
				CLANG_WARN_QUOTED_INCLUDE_IN_FRAMEWORK_HEADER = YES;
				CLANG_WARN_RANGE_LOOP_ANALYSIS = YES;
				CLANG_WARN_STRICT_PROTOTYPES = YES;
				CLANG_WARN_SUSPICIOUS_MOVE = YES;
				CLANG_WARN_UNGUARDED_AVAILABILITY = YES_AGGRESSIVE;
				CLANG_WARN_UNREACHABLE_CODE = YES;
				CLANG_WARN__DUPLICATE_METHOD_MATCH = YES;
				COPY_PHASE_STRIP = NO;
				DEBUG_INFORMATION_FORMAT = dwarf;
				ENABLE_STRICT_OBJC_MSGSEND = YES;
				ENABLE_TESTABILITY = YES;
				GCC_C_LANGUAGE_STANDARD = gnu11;
				GCC_DYNAMIC_NO_PIC = NO;
				GCC_NO_COMMON_BLOCKS = YES;
				GCC_OPTIMIZATION_LEVEL = 0;
				GCC_PREPROCESSOR_DEFINITIONS = (
					"DEBUG=1",
					"$(inherited)",
				);
				GCC_WARN_64_TO_32_BIT_CONVERSION = YES;
				GCC_WARN_ABOUT_RETURN_TYPE = YES_ERROR;
				GCC_WARN_UNDECLARED_SELECTOR = YES;
				GCC_WARN_UNINITIALIZED_AUTOS = YES_AGGRESSIVE;
				GCC_WARN_UNUSED_FUNCTION = YES;
				GCC_WARN_UNUSED_VARIABLE = YES;
				IPHONEOS_DEPLOYMENT_TARGET = 14.3;
				MTL_ENABLE_DEBUG_INFO = INCLUDE_SOURCE;
				MTL_FAST_MATH = YES;
				ONLY_ACTIVE_ARCH = YES;
				SDKROOT = iphoneos;
			};
			name = Debug;
		};
		CD07BB0025BC588B00677404 /* Release */ = {
			isa = XCBuildConfiguration;
			buildSettings = {
				ALWAYS_SEARCH_USER_PATHS = NO;
				CLANG_ANALYZER_NONNULL = YES;
				CLANG_ANALYZER_NUMBER_OBJECT_CONVERSION = YES_AGGRESSIVE;
				CLANG_CXX_LANGUAGE_STANDARD = "gnu++14";
				CLANG_CXX_LIBRARY = "libc++";
				CLANG_ENABLE_MODULES = YES;
				CLANG_ENABLE_OBJC_ARC = YES;
				CLANG_ENABLE_OBJC_WEAK = YES;
				CLANG_WARN_BLOCK_CAPTURE_AUTORELEASING = YES;
				CLANG_WARN_BOOL_CONVERSION = YES;
				CLANG_WARN_COMMA = YES;
				CLANG_WARN_CONSTANT_CONVERSION = YES;
				CLANG_WARN_DEPRECATED_OBJC_IMPLEMENTATIONS = YES;
				CLANG_WARN_DIRECT_OBJC_ISA_USAGE = YES_ERROR;
				CLANG_WARN_DOCUMENTATION_COMMENTS = YES;
				CLANG_WARN_EMPTY_BODY = YES;
				CLANG_WARN_ENUM_CONVERSION = YES;
				CLANG_WARN_INFINITE_RECURSION = YES;
				CLANG_WARN_INT_CONVERSION = YES;
				CLANG_WARN_NON_LITERAL_NULL_CONVERSION = YES;
				CLANG_WARN_OBJC_IMPLICIT_RETAIN_SELF = YES;
				CLANG_WARN_OBJC_LITERAL_CONVERSION = YES;
				CLANG_WARN_OBJC_ROOT_CLASS = YES_ERROR;
				CLANG_WARN_QUOTED_INCLUDE_IN_FRAMEWORK_HEADER = YES;
				CLANG_WARN_RANGE_LOOP_ANALYSIS = YES;
				CLANG_WARN_STRICT_PROTOTYPES = YES;
				CLANG_WARN_SUSPICIOUS_MOVE = YES;
				CLANG_WARN_UNGUARDED_AVAILABILITY = YES_AGGRESSIVE;
				CLANG_WARN_UNREACHABLE_CODE = YES;
				CLANG_WARN__DUPLICATE_METHOD_MATCH = YES;
				COPY_PHASE_STRIP = NO;
				DEBUG_INFORMATION_FORMAT = "dwarf-with-dsym";
				ENABLE_NS_ASSERTIONS = NO;
				ENABLE_STRICT_OBJC_MSGSEND = YES;
				GCC_C_LANGUAGE_STANDARD = gnu11;
				GCC_NO_COMMON_BLOCKS = YES;
				GCC_WARN_64_TO_32_BIT_CONVERSION = YES;
				GCC_WARN_ABOUT_RETURN_TYPE = YES_ERROR;
				GCC_WARN_UNDECLARED_SELECTOR = YES;
				GCC_WARN_UNINITIALIZED_AUTOS = YES_AGGRESSIVE;
				GCC_WARN_UNUSED_FUNCTION = YES;
				GCC_WARN_UNUSED_VARIABLE = YES;
				IPHONEOS_DEPLOYMENT_TARGET = 14.3;
				MTL_ENABLE_DEBUG_INFO = NO;
				MTL_FAST_MATH = YES;
				SDKROOT = iphoneos;
				VALIDATE_PRODUCT = YES;
			};
			name = Release;
		};
		CD07BB0225BC588B00677404 /* Debug */ = {
			isa = XCBuildConfiguration;
			buildSettings = {
				ASSETCATALOG_COMPILER_APPICON_NAME = AppIcon;
				ASSETCATALOG_COMPILER_GLOBAL_ACCENT_COLOR_NAME = AccentColor;
				CODE_SIGN_IDENTITY = "Apple Development";
				CODE_SIGN_STYLE = Automatic;
				DEVELOPMENT_TEAM = "";
				INFOPLIST_FILE = SampleApp/Info.plist;
				IPHONEOS_DEPLOYMENT_TARGET = 9.0;
				LD_RUNPATH_SEARCH_PATHS = (
					"$(inherited)",
					"@executable_path/Frameworks",
				);
				PRODUCT_BUNDLE_IDENTIFIER = com.lemma.sdk.SampleApp;
				PRODUCT_NAME = "$(TARGET_NAME)";
				PROVISIONING_PROFILE_SPECIFIER = "";
				TARGETED_DEVICE_FAMILY = "1,2";
			};
			name = Debug;
		};
		CD07BB0325BC588B00677404 /* Release */ = {
			isa = XCBuildConfiguration;
			buildSettings = {
				ASSETCATALOG_COMPILER_APPICON_NAME = AppIcon;
				ASSETCATALOG_COMPILER_GLOBAL_ACCENT_COLOR_NAME = AccentColor;
				CODE_SIGN_IDENTITY = "Apple Development";
				CODE_SIGN_STYLE = Automatic;
				DEVELOPMENT_TEAM = "";
				INFOPLIST_FILE = SampleApp/Info.plist;
				IPHONEOS_DEPLOYMENT_TARGET = 9.0;
				LD_RUNPATH_SEARCH_PATHS = (
					"$(inherited)",
					"@executable_path/Frameworks",
				);
				PRODUCT_BUNDLE_IDENTIFIER = com.lemma.sdk.SampleApp;
				PRODUCT_NAME = "$(TARGET_NAME)";
				PROVISIONING_PROFILE_SPECIFIER = "";
				TARGETED_DEVICE_FAMILY = "1,2";
			};
			name = Release;
		};
/* End XCBuildConfiguration section */

/* Begin XCConfigurationList section */
		CD07BAE325BC588800677404 /* Build configuration list for PBXProject "SampleApp" */ = {
			isa = XCConfigurationList;
			buildConfigurations = (
				CD07BAFF25BC588B00677404 /* Debug */,
				CD07BB0025BC588B00677404 /* Release */,
			);
			defaultConfigurationIsVisible = 0;
			defaultConfigurationName = Release;
		};
		CD07BB0125BC588B00677404 /* Build configuration list for PBXNativeTarget "SampleApp" */ = {
			isa = XCConfigurationList;
			buildConfigurations = (
				CD07BB0225BC588B00677404 /* Debug */,
				CD07BB0325BC588B00677404 /* Release */,
			);
			defaultConfigurationIsVisible = 0;
			defaultConfigurationName = Release;
		};
/* End XCConfigurationList section */
	};
	rootObject = CD07BAE025BC588800677404 /* Project object */;
}
